
Microsoft Visual Studio Solution File, Format Version 12.00
# Visual Studio 15
VisualStudioVersion = 15.0.27130.2010
MinimumVisualStudioVersion = 10.0.40219.1
Project("{8BC9CEB8-8B4A-11D0-8D11-00A0C91BC942}") = "dnaadjustwrapper", "dynadjust\dnaadjustwrapper\dnaadjustwrapper.vcxproj", "{860A8B20-2CE2-4561-A034-4FAC8701428D}"
EndProject
Project("{8BC9CEB8-8B4A-11D0-8D11-00A0C91BC942}") = "dnaadjust", "dynadjust\dnaadjust\dnaadjust.vcxproj", "{A776C73C-FABB-41BD-BBF0-8B9904FA13D3}"
EndProject
Project("{8BC9CEB8-8B4A-11D0-8D11-00A0C91BC942}") = "dnaimport", "dynadjust\dnaimport\dnaimport.vcxproj", "{15636C17-F2A9-4D89-9931-8378DF2C3A91}"
EndProject
Project("{8BC9CEB8-8B4A-11D0-8D11-00A0C91BC942}") = "dnageoid", "dynadjust\dnageoid\dnageoid.vcxproj", "{4B5CE96F-752C-4015-BBBC-45DFB18F8A02}"
EndProject
Project("{8BC9CEB8-8B4A-11D0-8D11-00A0C91BC942}") = "dnasegment", "dynadjust\dnasegment\dnasegment.vcxproj", "{9211C2F7-1D45-46B5-A7AD-7411864F79BF}"
EndProject
Project("{8BC9CEB8-8B4A-11D0-8D11-00A0C91BC942}") = "dnareftran", "dynadjust\dnareftran\dnareftran.vcxproj", "{0A5D9F7A-7036-4085-AF0C-874D822CB8EE}"
EndProject
Project("{8BC9CEB8-8B4A-11D0-8D11-00A0C91BC942}") = "dnageoidwrapper", "dynadjust\dnageoidwrapper\dnageoidwrapper.vcxproj", "{63A805D0-188B-4F57-A190-7AE597E713F9}"
EndProject
Project("{8BC9CEB8-8B4A-11D0-8D11-00A0C91BC942}") = "dnaimportwrapper", "dynadjust\dnaimportwrapper\dnaimportwrapper.vcxproj", "{936B4AFE-4015-4C58-95D8-82D60EC19FEF}"
EndProject
Project("{8BC9CEB8-8B4A-11D0-8D11-00A0C91BC942}") = "dnaplot", "dynadjust\dnaplot\dnaplot.vcxproj", "{6338C81D-122B-483B-A0E2-F08FC8D48BC2}"
EndProject
Project("{8BC9CEB8-8B4A-11D0-8D11-00A0C91BC942}") = "dnaplotwrapper", "dynadjust\dnaplotwrapper\dnaplotwrapper.vcxproj", "{773A66DB-8664-48CD-8305-63274D13B233}"
EndProject
Project("{8BC9CEB8-8B4A-11D0-8D11-00A0C91BC942}") = "dnareftranwrapper", "dynadjust\dnareftranwrapper\dnareftranwrapper.vcxproj", "{A18EDE4A-B7CA-4CF2-AE15-9887FE8369DC}"
EndProject
Project("{8BC9CEB8-8B4A-11D0-8D11-00A0C91BC942}") = "dnasegmentwrapper", "dynadjust\dnasegmentwrapper\dnasegmentwrapper.vcxproj", "{09C887C6-F54C-497B-B675-F58966F2B484}"
EndProject
Project("{8BC9CEB8-8B4A-11D0-8D11-00A0C91BC942}") = "dnageoidint", "dynadjust\dnageoidint\dnageoidint.vcxproj", "{3E2F049B-7190-4DB6-AD8B-06AE2E8C0D0D}"
EndProject
Project("{8BC9CEB8-8B4A-11D0-8D11-00A0C91BC942}") = "dynadjust", "dynadjust\dynadjust\dynadjust.vcxproj", "{B01800A5-D0D4-4082-B5E8-482CBF3CE4A0}"
EndProject
Project("{2150E333-8FDC-42A3-9474-1A3956D46DE8}") = "Solution Items", "Solution Items", "{34536DBC-4E60-470F-BF2B-17CE48035549}"
	ProjectSection(SolutionItems) = preProject
		LICENSE = LICENSE
		TODO = TODO
	EndProjectSection
EndProject
Project("{8BC9CEB8-8B4A-11D0-8D11-00A0C91BC942}") = "driver", "dynadjust\driver\driver.vcxproj", "{5893F545-A977-4C6F-85B8-9DD138E3EFC5}"
	ProjectSection(ProjectDependencies) = postProject
		{4B5CE96F-752C-4015-BBBC-45DFB18F8A02} = {4B5CE96F-752C-4015-BBBC-45DFB18F8A02}
	EndProjectSection
EndProject
Project("{8BC9CEB8-8B4A-11D0-8D11-00A0C91BC942}") = "metadata", "dynadjust\metadata\metadata.vcxproj", "{A191D646-36CD-4F19-BFAD-820E56A5C6A7}"
EndProject
Global
	GlobalSection(SolutionConfigurationPlatforms) = preSolution
		Release|x64 = Release|x64
		Release|Win32 = Release|Win32
		Debug|x64 = Debug|x64
		Debug|Win32 = Debug|Win32
		Template|x64 = Template|x64
		Template|Win32 = Template|Win32
	EndGlobalSection
	GlobalSection(ProjectConfigurationPlatforms) = postSolution
		{860A8B20-2CE2-4561-A034-4FAC8701428D}.Release|x64.ActiveCfg = Release|x64
		{860A8B20-2CE2-4561-A034-4FAC8701428D}.Release|x64.Build.0 = Release|x64
		{860A8B20-2CE2-4561-A034-4FAC8701428D}.Release|Win32.ActiveCfg = Release|Win32
		{860A8B20-2CE2-4561-A034-4FAC8701428D}.Release|Win32.Build.0 = Release|Win32
		{860A8B20-2CE2-4561-A034-4FAC8701428D}.Debug|x64.ActiveCfg = Debug|x64
		{860A8B20-2CE2-4561-A034-4FAC8701428D}.Debug|x64.Build.0 = Debug|x64
		{860A8B20-2CE2-4561-A034-4FAC8701428D}.Debug|Win32.ActiveCfg = Debug|Win32
		{860A8B20-2CE2-4561-A034-4FAC8701428D}.Debug|Win32.Build.0 = Debug|Win32
		{860A8B20-2CE2-4561-A034-4FAC8701428D}.Template|x64.ActiveCfg = Release|x64
		{860A8B20-2CE2-4561-A034-4FAC8701428D}.Template|x64.Build.0 = Release|x64
		{860A8B20-2CE2-4561-A034-4FAC8701428D}.Template|Win32.ActiveCfg = Release|x64
		{A776C73C-FABB-41BD-BBF0-8B9904FA13D3}.Release|x64.ActiveCfg = Release|x64
		{A776C73C-FABB-41BD-BBF0-8B9904FA13D3}.Release|x64.Build.0 = Release|x64
		{A776C73C-FABB-41BD-BBF0-8B9904FA13D3}.Release|Win32.ActiveCfg = Release|Win32
		{A776C73C-FABB-41BD-BBF0-8B9904FA13D3}.Release|Win32.Build.0 = Release|Win32
		{A776C73C-FABB-41BD-BBF0-8B9904FA13D3}.Debug|x64.ActiveCfg = Debug|x64
		{A776C73C-FABB-41BD-BBF0-8B9904FA13D3}.Debug|x64.Build.0 = Debug|x64
		{A776C73C-FABB-41BD-BBF0-8B9904FA13D3}.Debug|Win32.ActiveCfg = Debug|Win32
		{A776C73C-FABB-41BD-BBF0-8B9904FA13D3}.Debug|Win32.Build.0 = Debug|Win32
		{A776C73C-FABB-41BD-BBF0-8B9904FA13D3}.Template|x64.ActiveCfg = Release|x64
		{A776C73C-FABB-41BD-BBF0-8B9904FA13D3}.Template|x64.Build.0 = Release|x64
		{A776C73C-FABB-41BD-BBF0-8B9904FA13D3}.Template|Win32.ActiveCfg = Release|x64
		{15636C17-F2A9-4D89-9931-8378DF2C3A91}.Release|x64.ActiveCfg = Release|x64
		{15636C17-F2A9-4D89-9931-8378DF2C3A91}.Release|x64.Build.0 = Release|x64
		{15636C17-F2A9-4D89-9931-8378DF2C3A91}.Release|Win32.ActiveCfg = Release|Win32
		{15636C17-F2A9-4D89-9931-8378DF2C3A91}.Release|Win32.Build.0 = Release|Win32
		{15636C17-F2A9-4D89-9931-8378DF2C3A91}.Debug|x64.ActiveCfg = Debug|x64
		{15636C17-F2A9-4D89-9931-8378DF2C3A91}.Debug|x64.Build.0 = Debug|x64
		{15636C17-F2A9-4D89-9931-8378DF2C3A91}.Debug|Win32.ActiveCfg = Debug|Win32
		{15636C17-F2A9-4D89-9931-8378DF2C3A91}.Debug|Win32.Build.0 = Debug|Win32
		{15636C17-F2A9-4D89-9931-8378DF2C3A91}.Template|Win32.ActiveCfg = Release|x64
		{15636C17-F2A9-4D89-9931-8378DF2C3A91}.Template|x64.ActiveCfg = Release|x64
		{15636C17-F2A9-4D89-9931-8378DF2C3A91}.Template|x64.Build.0 = Release|x64
		{4B5CE96F-752C-4015-BBBC-45DFB18F8A02}.Release|x64.ActiveCfg = Release|x64
		{4B5CE96F-752C-4015-BBBC-45DFB18F8A02}.Release|x64.Build.0 = Release|x64
		{4B5CE96F-752C-4015-BBBC-45DFB18F8A02}.Release|Win32.ActiveCfg = Release|Win32
		{4B5CE96F-752C-4015-BBBC-45DFB18F8A02}.Release|Win32.Build.0 = Release|Win32
		{4B5CE96F-752C-4015-BBBC-45DFB18F8A02}.Debug|x64.ActiveCfg = Debug|x64
		{4B5CE96F-752C-4015-BBBC-45DFB18F8A02}.Debug|x64.Build.0 = Debug|x64
		{4B5CE96F-752C-4015-BBBC-45DFB18F8A02}.Debug|Win32.ActiveCfg = Debug|Win32
		{4B5CE96F-752C-4015-BBBC-45DFB18F8A02}.Debug|Win32.Build.0 = Debug|Win32
		{4B5CE96F-752C-4015-BBBC-45DFB18F8A02}.Template|x64.ActiveCfg = Release|x64
		{4B5CE96F-752C-4015-BBBC-45DFB18F8A02}.Template|x64.Build.0 = Release|x64
		{4B5CE96F-752C-4015-BBBC-45DFB18F8A02}.Template|Win32.ActiveCfg = Release|x64
		{9211C2F7-1D45-46B5-A7AD-7411864F79BF}.Release|x64.ActiveCfg = Release|x64
		{9211C2F7-1D45-46B5-A7AD-7411864F79BF}.Release|x64.Build.0 = Release|x64
		{9211C2F7-1D45-46B5-A7AD-7411864F79BF}.Release|Win32.ActiveCfg = Release|Win32
		{9211C2F7-1D45-46B5-A7AD-7411864F79BF}.Release|Win32.Build.0 = Release|Win32
		{9211C2F7-1D45-46B5-A7AD-7411864F79BF}.Debug|x64.ActiveCfg = Debug|x64
		{9211C2F7-1D45-46B5-A7AD-7411864F79BF}.Debug|x64.Build.0 = Debug|x64
		{9211C2F7-1D45-46B5-A7AD-7411864F79BF}.Debug|Win32.ActiveCfg = Debug|Win32
		{9211C2F7-1D45-46B5-A7AD-7411864F79BF}.Debug|Win32.Build.0 = Debug|Win32
		{9211C2F7-1D45-46B5-A7AD-7411864F79BF}.Template|x64.ActiveCfg = Release|x64
		{9211C2F7-1D45-46B5-A7AD-7411864F79BF}.Template|x64.Build.0 = Release|x64
		{9211C2F7-1D45-46B5-A7AD-7411864F79BF}.Template|Win32.ActiveCfg = Release|x64
		{0A5D9F7A-7036-4085-AF0C-874D822CB8EE}.Release|x64.ActiveCfg = Release|x64
		{0A5D9F7A-7036-4085-AF0C-874D822CB8EE}.Release|x64.Build.0 = Release|x64
		{0A5D9F7A-7036-4085-AF0C-874D822CB8EE}.Release|Win32.ActiveCfg = Release|Win32
		{0A5D9F7A-7036-4085-AF0C-874D822CB8EE}.Release|Win32.Build.0 = Release|Win32
		{0A5D9F7A-7036-4085-AF0C-874D822CB8EE}.Debug|x64.ActiveCfg = Debug|x64
		{0A5D9F7A-7036-4085-AF0C-874D822CB8EE}.Debug|x64.Build.0 = Debug|x64
		{0A5D9F7A-7036-4085-AF0C-874D822CB8EE}.Debug|Win32.ActiveCfg = Debug|Win32
		{0A5D9F7A-7036-4085-AF0C-874D822CB8EE}.Debug|Win32.Build.0 = Debug|Win32
		{0A5D9F7A-7036-4085-AF0C-874D822CB8EE}.Template|x64.ActiveCfg = Release|x64
		{0A5D9F7A-7036-4085-AF0C-874D822CB8EE}.Template|x64.Build.0 = Release|x64
		{0A5D9F7A-7036-4085-AF0C-874D822CB8EE}.Template|Win32.ActiveCfg = Release|x64
		{63A805D0-188B-4F57-A190-7AE597E713F9}.Release|x64.ActiveCfg = Release|x64
		{63A805D0-188B-4F57-A190-7AE597E713F9}.Release|x64.Build.0 = Release|x64
		{63A805D0-188B-4F57-A190-7AE597E713F9}.Release|Win32.ActiveCfg = Release|Win32
		{63A805D0-188B-4F57-A190-7AE597E713F9}.Release|Win32.Build.0 = Release|Win32
		{63A805D0-188B-4F57-A190-7AE597E713F9}.Debug|x64.ActiveCfg = Debug|x64
		{63A805D0-188B-4F57-A190-7AE597E713F9}.Debug|x64.Build.0 = Debug|x64
		{63A805D0-188B-4F57-A190-7AE597E713F9}.Debug|Win32.ActiveCfg = Debug|Win32
		{63A805D0-188B-4F57-A190-7AE597E713F9}.Debug|Win32.Build.0 = Debug|Win32
		{63A805D0-188B-4F57-A190-7AE597E713F9}.Template|x64.ActiveCfg = Template|x64
		{63A805D0-188B-4F57-A190-7AE597E713F9}.Template|x64.Build.0 = Template|x64
		{63A805D0-188B-4F57-A190-7AE597E713F9}.Template|Win32.ActiveCfg = Template|Win32
		{63A805D0-188B-4F57-A190-7AE597E713F9}.Template|Win32.Build.0 = Template|Win32
		{936B4AFE-4015-4C58-95D8-82D60EC19FEF}.Release|x64.ActiveCfg = Release|x64
		{936B4AFE-4015-4C58-95D8-82D60EC19FEF}.Release|x64.Build.0 = Release|x64
		{936B4AFE-4015-4C58-95D8-82D60EC19FEF}.Release|Win32.ActiveCfg = Release|Win32
		{936B4AFE-4015-4C58-95D8-82D60EC19FEF}.Release|Win32.Build.0 = Release|Win32
		{936B4AFE-4015-4C58-95D8-82D60EC19FEF}.Debug|x64.ActiveCfg = Debug|x64
		{936B4AFE-4015-4C58-95D8-82D60EC19FEF}.Debug|x64.Build.0 = Debug|x64
		{936B4AFE-4015-4C58-95D8-82D60EC19FEF}.Debug|Win32.ActiveCfg = Debug|Win32
		{936B4AFE-4015-4C58-95D8-82D60EC19FEF}.Debug|Win32.Build.0 = Debug|Win32
		{936B4AFE-4015-4C58-95D8-82D60EC19FEF}.Template|x64.ActiveCfg = Release|x64
		{936B4AFE-4015-4C58-95D8-82D60EC19FEF}.Template|x64.Build.0 = Release|x64
		{936B4AFE-4015-4C58-95D8-82D60EC19FEF}.Template|Win32.ActiveCfg = Release|x64
		{6338C81D-122B-483B-A0E2-F08FC8D48BC2}.Release|x64.ActiveCfg = Release|x64
		{6338C81D-122B-483B-A0E2-F08FC8D48BC2}.Release|x64.Build.0 = Release|x64
		{6338C81D-122B-483B-A0E2-F08FC8D48BC2}.Release|Win32.ActiveCfg = Release|Win32
		{6338C81D-122B-483B-A0E2-F08FC8D48BC2}.Release|Win32.Build.0 = Release|Win32
		{6338C81D-122B-483B-A0E2-F08FC8D48BC2}.Debug|x64.ActiveCfg = Debug|x64
		{6338C81D-122B-483B-A0E2-F08FC8D48BC2}.Debug|x64.Build.0 = Debug|x64
		{6338C81D-122B-483B-A0E2-F08FC8D48BC2}.Debug|Win32.ActiveCfg = Debug|Win32
		{6338C81D-122B-483B-A0E2-F08FC8D48BC2}.Debug|Win32.Build.0 = Debug|Win32
		{6338C81D-122B-483B-A0E2-F08FC8D48BC2}.Template|x64.ActiveCfg = Release|x64
		{6338C81D-122B-483B-A0E2-F08FC8D48BC2}.Template|x64.Build.0 = Release|x64
		{6338C81D-122B-483B-A0E2-F08FC8D48BC2}.Template|Win32.ActiveCfg = Release|x64
		{773A66DB-8664-48CD-8305-63274D13B233}.Release|x64.ActiveCfg = Release|x64
		{773A66DB-8664-48CD-8305-63274D13B233}.Release|x64.Build.0 = Release|x64
		{773A66DB-8664-48CD-8305-63274D13B233}.Release|Win32.ActiveCfg = Release|Win32
		{773A66DB-8664-48CD-8305-63274D13B233}.Release|Win32.Build.0 = Release|Win32
		{773A66DB-8664-48CD-8305-63274D13B233}.Debug|x64.ActiveCfg = Debug|x64
		{773A66DB-8664-48CD-8305-63274D13B233}.Debug|x64.Build.0 = Debug|x64
		{773A66DB-8664-48CD-8305-63274D13B233}.Debug|Win32.ActiveCfg = Debug|Win32
		{773A66DB-8664-48CD-8305-63274D13B233}.Debug|Win32.Build.0 = Debug|Win32
		{773A66DB-8664-48CD-8305-63274D13B233}.Template|x64.ActiveCfg = Release|x64
		{773A66DB-8664-48CD-8305-63274D13B233}.Template|x64.Build.0 = Release|x64
		{773A66DB-8664-48CD-8305-63274D13B233}.Template|Win32.ActiveCfg = Release|x64
		{A18EDE4A-B7CA-4CF2-AE15-9887FE8369DC}.Release|x64.ActiveCfg = Release|x64
		{A18EDE4A-B7CA-4CF2-AE15-9887FE8369DC}.Release|x64.Build.0 = Release|x64
		{A18EDE4A-B7CA-4CF2-AE15-9887FE8369DC}.Release|Win32.ActiveCfg = Release|Win32
		{A18EDE4A-B7CA-4CF2-AE15-9887FE8369DC}.Release|Win32.Build.0 = Release|Win32
		{A18EDE4A-B7CA-4CF2-AE15-9887FE8369DC}.Debug|x64.ActiveCfg = Debug|x64
		{A18EDE4A-B7CA-4CF2-AE15-9887FE8369DC}.Debug|x64.Build.0 = Debug|x64
		{A18EDE4A-B7CA-4CF2-AE15-9887FE8369DC}.Debug|Win32.ActiveCfg = Debug|Win32
		{A18EDE4A-B7CA-4CF2-AE15-9887FE8369DC}.Debug|Win32.Build.0 = Debug|Win32
		{A18EDE4A-B7CA-4CF2-AE15-9887FE8369DC}.Template|x64.ActiveCfg = Release|x64
		{A18EDE4A-B7CA-4CF2-AE15-9887FE8369DC}.Template|x64.Build.0 = Release|x64
		{A18EDE4A-B7CA-4CF2-AE15-9887FE8369DC}.Template|Win32.ActiveCfg = Release|x64
		{09C887C6-F54C-497B-B675-F58966F2B484}.Release|x64.ActiveCfg = Release|x64
		{09C887C6-F54C-497B-B675-F58966F2B484}.Release|x64.Build.0 = Release|x64
		{09C887C6-F54C-497B-B675-F58966F2B484}.Release|Win32.ActiveCfg = Release|Win32
		{09C887C6-F54C-497B-B675-F58966F2B484}.Release|Win32.Build.0 = Release|Win32
		{09C887C6-F54C-497B-B675-F58966F2B484}.Debug|x64.ActiveCfg = Debug|x64
		{09C887C6-F54C-497B-B675-F58966F2B484}.Debug|x64.Build.0 = Debug|x64
		{09C887C6-F54C-497B-B675-F58966F2B484}.Debug|Win32.ActiveCfg = Debug|Win32
		{09C887C6-F54C-497B-B675-F58966F2B484}.Debug|Win32.Build.0 = Debug|Win32
		{09C887C6-F54C-497B-B675-F58966F2B484}.Template|x64.ActiveCfg = Release|x64
		{09C887C6-F54C-497B-B675-F58966F2B484}.Template|x64.Build.0 = Release|x64
		{09C887C6-F54C-497B-B675-F58966F2B484}.Template|Win32.ActiveCfg = Release|x64
		{3E2F049B-7190-4DB6-AD8B-06AE2E8C0D0D}.Release|x64.ActiveCfg = Release|x64
		{3E2F049B-7190-4DB6-AD8B-06AE2E8C0D0D}.Release|x64.Build.0 = Release|x64
		{3E2F049B-7190-4DB6-AD8B-06AE2E8C0D0D}.Release|Win32.ActiveCfg = Release|Win32
		{3E2F049B-7190-4DB6-AD8B-06AE2E8C0D0D}.Release|Win32.Build.0 = Release|Win32
		{3E2F049B-7190-4DB6-AD8B-06AE2E8C0D0D}.Debug|x64.ActiveCfg = Debug|x64
		{3E2F049B-7190-4DB6-AD8B-06AE2E8C0D0D}.Debug|x64.Build.0 = Debug|x64
		{3E2F049B-7190-4DB6-AD8B-06AE2E8C0D0D}.Debug|Win32.ActiveCfg = Debug|Win32
		{3E2F049B-7190-4DB6-AD8B-06AE2E8C0D0D}.Debug|Win32.Build.0 = Debug|Win32
		{3E2F049B-7190-4DB6-AD8B-06AE2E8C0D0D}.Template|x64.ActiveCfg = Template|x64
		{3E2F049B-7190-4DB6-AD8B-06AE2E8C0D0D}.Template|x64.Build.0 = Template|x64
		{3E2F049B-7190-4DB6-AD8B-06AE2E8C0D0D}.Template|Win32.ActiveCfg = Template|Win32
		{3E2F049B-7190-4DB6-AD8B-06AE2E8C0D0D}.Template|Win32.Build.0 = Template|Win32
		{B01800A5-D0D4-4082-B5E8-482CBF3CE4A0}.Release|x64.ActiveCfg = Release|x64
		{B01800A5-D0D4-4082-B5E8-482CBF3CE4A0}.Release|x64.Build.0 = Release|x64
		{B01800A5-D0D4-4082-B5E8-482CBF3CE4A0}.Release|Win32.ActiveCfg = Release|Win32
		{B01800A5-D0D4-4082-B5E8-482CBF3CE4A0}.Release|Win32.Build.0 = Release|Win32
		{B01800A5-D0D4-4082-B5E8-482CBF3CE4A0}.Debug|x64.ActiveCfg = Debug|x64
		{B01800A5-D0D4-4082-B5E8-482CBF3CE4A0}.Debug|x64.Build.0 = Debug|x64
		{B01800A5-D0D4-4082-B5E8-482CBF3CE4A0}.Debug|Win32.ActiveCfg = Debug|Win32
		{B01800A5-D0D4-4082-B5E8-482CBF3CE4A0}.Debug|Win32.Build.0 = Debug|Win32
		{B01800A5-D0D4-4082-B5E8-482CBF3CE4A0}.Template|x64.ActiveCfg = Release|Win32
		{B01800A5-D0D4-4082-B5E8-482CBF3CE4A0}.Template|Win32.ActiveCfg = Release|Win32
		{B01800A5-D0D4-4082-B5E8-482CBF3CE4A0}.Template|Win32.Build.0 = Release|Win32
		{5893F545-A977-4C6F-85B8-9DD138E3EFC5}.Release|x64.ActiveCfg = Release|x64
		{5893F545-A977-4C6F-85B8-9DD138E3EFC5}.Release|Win32.ActiveCfg = Release|Win32
		{5893F545-A977-4C6F-85B8-9DD138E3EFC5}.Debug|x64.ActiveCfg = Debug|x64
		{5893F545-A977-4C6F-85B8-9DD138E3EFC5}.Debug|Win32.ActiveCfg = Debug|Win32
		{5893F545-A977-4C6F-85B8-9DD138E3EFC5}.Template|x64.ActiveCfg = Release|Win32
		{5893F545-A977-4C6F-85B8-9DD138E3EFC5}.Template|Win32.ActiveCfg = Release|Win32
		{5893F545-A977-4C6F-85B8-9DD138E3EFC5}.Template|Win32.Build.0 = Release|Win32
		{A191D646-36CD-4F19-BFAD-820E56A5C6A7}.Release|x64.ActiveCfg = Release|x64
		{A191D646-36CD-4F19-BFAD-820E56A5C6A7}.Release|x64.Build.0 = Release|x64
		{A191D646-36CD-4F19-BFAD-820E56A5C6A7}.Release|Win32.ActiveCfg = Release|Win32
		{A191D646-36CD-4F19-BFAD-820E56A5C6A7}.Release|Win32.Build.0 = Release|Win32
		{A191D646-36CD-4F19-BFAD-820E56A5C6A7}.Debug|x64.ActiveCfg = Debug|x64
		{A191D646-36CD-4F19-BFAD-820E56A5C6A7}.Debug|x64.Build.0 = Debug|x64
		{A191D646-36CD-4F19-BFAD-820E56A5C6A7}.Debug|Win32.ActiveCfg = Debug|Win32
		{A191D646-36CD-4F19-BFAD-820E56A5C6A7}.Debug|Win32.Build.0 = Debug|Win32
		{A191D646-36CD-4F19-BFAD-820E56A5C6A7}.Template|x64.ActiveCfg = Release|Win32
		{A191D646-36CD-4F19-BFAD-820E56A5C6A7}.Template|Win32.ActiveCfg = Release|Win32
		{A191D646-36CD-4F19-BFAD-820E56A5C6A7}.Template|Win32.Build.0 = Release|Win32
	EndGlobalSection
	GlobalSection(SolutionProperties) = preSolution
		HideSolutionNode = FALSE
	EndGlobalSection
	GlobalSection(ExtensibilityGlobals) = postSolution
		SolutionGuid = {1A4111BF-B69D-40A2-BA07-FE4476D92202}
	EndGlobalSection
EndGlobal
